schema: '2.0'
stages:
  data_ingestion:
    cmd: python src\pipeline\stage_01_data_ingestion.py
    deps:
    - path: src\pipeline\stage_01_data_ingestion.py
      hash: md5
      md5: 63f7f48ff3f0edaa9eaa889cb103c131
      size: 1372
    outs:
    - path: artifacts\DataIngestion\RSNA.zip
      hash: md5
      md5: 2b342f83dec5497304b527bd322bdbf1
      size: 36458571
    - path: artifacts\DataIngestion\images
      hash: md5
      md5: 23e2e528ade7e201804b85414b77d3be.dir
      size: 37390152
      nfiles: 600
  model_training_:
    cmd: python src\pipeline\stage_02_training_and_evaluation.py
    deps:
    - path: src\pipeline\stage_02_training_and_evaluation.py
      hash: md5
      md5: a00554daee279b1e67f003e8ee265641
      size: 1434
    outs:
    - path: artifacts\ModelTrainings\model.h5
      hash: md5
      md5: ec18ee4f7e794c8bdf67650f38afe95b
      size: 17670808
  log_prod_model:
    cmd: python src\pipeline\stage_03_log_production_model.py
    deps:
    - path: src\pipeline\stage_03_log_production_model.py
      hash: md5
      md5: 3b9c93ad107af3a77a18f46e4d7a17db
      size: 1526
    outs:
    - path: artifacts\LogProductionModel\mlflow_model.h5
      hash: md5
      md5: 183ed7ff9fa848a82e92cf7875891b76
      size: 17663231
  model_pusher:
    cmd: python src\pipeline\stage_04_model_pusher.py
    deps:
    - path: src\pipeline\stage_04_model_pusher.py
      hash: md5
      md5: 3736b355d4bdb5948b0162e546e87799
      size: 1366
