schema: '2.0'
stages:
  data_ingestion:
    cmd: python src\pipeline\stage_01_data_ingestion.py
    deps:
    - path: src\pipeline\stage_01_data_ingestion.py
      hash: md5
      md5: 63f7f48ff3f0edaa9eaa889cb103c131
      size: 1372
    outs:
    - path: artifacts\DataIngestion\RSNA.zip
      hash: md5
      md5: 2b342f83dec5497304b527bd322bdbf1
      size: 36458571
    - path: artifacts\DataIngestion\images
      hash: md5
      md5: 23e2e528ade7e201804b85414b77d3be.dir
      size: 37390152
      nfiles: 600
  model_training_:
    cmd: python src\pipeline\stage_02_model_training.py
    deps:
    - path: src\pipeline\stage_02_model_training.py
      hash: md5
      md5: eb93fb6adcf7334d1d943a1ef215638d
      size: 1456
    outs:
    - path: artifacts\ModelTrainings\model.h5
      hash: md5
      md5: b51b49e6eff39a4a4a152253a63c7cf8
      size: 21095184
